// !$*UTF8*$!
{
	archiveVersion = 1;
	classes = {
	};
	objectVersion = 46;
	objects = {

/* Begin PBXBuildFile section */
		494800011E46DEF80076AAFB /* MCMessage.swift in Sources */ = {isa = PBXBuildFile; fileRef = 494800001E46DEF80076AAFB /* MCMessage.swift */; };
		494800031E46DF1C0076AAFB /* MFMailbox.swift in Sources */ = {isa = PBXBuildFile; fileRef = 494800021E46DF1C0076AAFB /* MFMailbox.swift */; };
		4948FFEC1E46A3FC0076AAFB /* DetailsViewer.swift in Sources */ = {isa = PBXBuildFile; fileRef = 4948FFEB1E46A3FC0076AAFB /* DetailsViewer.swift */; };
		4948FFF11E46DE100076AAFB /* MessageViewController.swift in Sources */ = {isa = PBXBuildFile; fileRef = 4948FFF01E46DE100076AAFB /* MessageViewController.swift */; };
		4948FFF31E46DE360076AAFB /* RichMessageCellView.swift in Sources */ = {isa = PBXBuildFile; fileRef = 4948FFF21E46DE360076AAFB /* RichMessageCellView.swift */; };
		4948FFF51E46DE4E0076AAFB /* TableViewManager.swift in Sources */ = {isa = PBXBuildFile; fileRef = 4948FFF41E46DE4E0076AAFB /* TableViewManager.swift */; };
		4948FFF71E46DE660076AAFB /* HeaderViewController.swift in Sources */ = {isa = PBXBuildFile; fileRef = 4948FFF61E46DE660076AAFB /* HeaderViewController.swift */; };
		4948FFF91E46DE810076AAFB /* ThreadDisclosureTextField.swift in Sources */ = {isa = PBXBuildFile; fileRef = 4948FFF81E46DE810076AAFB /* ThreadDisclosureTextField.swift */; };
		4948FFFB1E46DEB40076AAFB /* _ToCcIndicator.swift in Sources */ = {isa = PBXBuildFile; fileRef = 4948FFFA1E46DEB40076AAFB /* _ToCcIndicator.swift */; };
		4948FFFF1E46DED20076AAFB /* MFMessageThread.swift in Sources */ = {isa = PBXBuildFile; fileRef = 4948FFFE1E46DED20076AAFB /* MFMessageThread.swift */; };
		49EA63E41DD4E2580036994A /* DetailsViewer.mailbundle in CopyFiles */ = {isa = PBXBuildFile; fileRef = 49EA63D11DD4E0080036994A /* DetailsViewer.mailbundle */; settings = {ATTRIBUTES = (CodeSignOnCopy, ); }; };
/* End PBXBuildFile section */

/* Begin PBXCopyFilesBuildPhase section */
		49EA63E31DD4E2440036994A /* CopyFiles */ = {
			isa = PBXCopyFilesBuildPhase;
			buildActionMask = 12;
			dstPath = "~/Library/Mail/Bundles";
			dstSubfolderSpec = 0;
			files = (
				49EA63E41DD4E2580036994A /* DetailsViewer.mailbundle in CopyFiles */,
			);
			runOnlyForDeploymentPostprocessing = 0;
		};
/* End PBXCopyFilesBuildPhase section */

/* Begin PBXFileReference section */
		494800001E46DEF80076AAFB /* MCMessage.swift */ = {isa = PBXFileReference; fileEncoding = 4; lastKnownFileType = sourcecode.swift; path = MCMessage.swift; sourceTree = "<group>"; };
		494800021E46DF1C0076AAFB /* MFMailbox.swift */ = {isa = PBXFileReference; fileEncoding = 4; lastKnownFileType = sourcecode.swift; path = MFMailbox.swift; sourceTree = "<group>"; };
		4948FFEB1E46A3FC0076AAFB /* DetailsViewer.swift */ = {isa = PBXFileReference; fileEncoding = 4; lastKnownFileType = sourcecode.swift; path = DetailsViewer.swift; sourceTree = "<group>"; };
		4948FFF01E46DE100076AAFB /* MessageViewController.swift */ = {isa = PBXFileReference; fileEncoding = 4; lastKnownFileType = sourcecode.swift; path = MessageViewController.swift; sourceTree = "<group>"; };
		4948FFF21E46DE360076AAFB /* RichMessageCellView.swift */ = {isa = PBXFileReference; fileEncoding = 4; lastKnownFileType = sourcecode.swift; path = RichMessageCellView.swift; sourceTree = "<group>"; };
		4948FFF41E46DE4E0076AAFB /* TableViewManager.swift */ = {isa = PBXFileReference; fileEncoding = 4; lastKnownFileType = sourcecode.swift; path = TableViewManager.swift; sourceTree = "<group>"; };
		4948FFF61E46DE660076AAFB /* HeaderViewController.swift */ = {isa = PBXFileReference; fileEncoding = 4; lastKnownFileType = sourcecode.swift; path = HeaderViewController.swift; sourceTree = "<group>"; };
		4948FFF81E46DE810076AAFB /* ThreadDisclosureTextField.swift */ = {isa = PBXFileReference; fileEncoding = 4; lastKnownFileType = sourcecode.swift; path = ThreadDisclosureTextField.swift; sourceTree = "<group>"; };
		4948FFFA1E46DEB40076AAFB /* _ToCcIndicator.swift */ = {isa = PBXFileReference; fileEncoding = 4; lastKnownFileType = sourcecode.swift; path = _ToCcIndicator.swift; sourceTree = "<group>"; };
		4948FFFE1E46DED20076AAFB /* MFMessageThread.swift */ = {isa = PBXFileReference; fileEncoding = 4; lastKnownFileType = sourcecode.swift; path = MFMessageThread.swift; sourceTree = "<group>"; };
		49EA63D11DD4E0080036994A /* DetailsViewer.mailbundle */ = {isa = PBXFileReference; explicitFileType = wrapper.cfbundle; includeInIndex = 0; path = DetailsViewer.mailbundle; sourceTree = BUILT_PRODUCTS_DIR; };
		49EA63D41DD4E0080036994A /* Info.plist */ = {isa = PBXFileReference; lastKnownFileType = text.plist.xml; path = Info.plist; sourceTree = "<group>"; };
/* End PBXFileReference section */

/* Begin PBXFrameworksBuildPhase section */
		49EA63CE1DD4E0080036994A /* Frameworks */ = {
			isa = PBXFrameworksBuildPhase;
			buildActionMask = 2147483647;
			files = (
			);
			runOnlyForDeploymentPostprocessing = 0;
		};
/* End PBXFrameworksBuildPhase section */

/* Begin PBXGroup section */
		4948FFEF1E46DDE50076AAFB /* Mail Stubs */ = {
			isa = PBXGroup;
			children = (
				4948FFF01E46DE100076AAFB /* MessageViewController.swift */,
				4948FFF21E46DE360076AAFB /* RichMessageCellView.swift */,
				4948FFF41E46DE4E0076AAFB /* TableViewManager.swift */,
				4948FFF61E46DE660076AAFB /* HeaderViewController.swift */,
				4948FFF81E46DE810076AAFB /* ThreadDisclosureTextField.swift */,
				4948FFFA1E46DEB40076AAFB /* _ToCcIndicator.swift */,
				4948FFFE1E46DED20076AAFB /* MFMessageThread.swift */,
				494800001E46DEF80076AAFB /* MCMessage.swift */,
				494800021E46DF1C0076AAFB /* MFMailbox.swift */,
			);
			name = "Mail Stubs";
			sourceTree = "<group>";
		};
		49EA63C81DD4E0080036994A = {
			isa = PBXGroup;
			children = (
				49EA63D31DD4E0080036994A /* DetailsViewer */,
				49EA63D21DD4E0080036994A /* Products */,
			);
			sourceTree = "<group>";
		};
		49EA63D21DD4E0080036994A /* Products */ = {
			isa = PBXGroup;
			children = (
				49EA63D11DD4E0080036994A /* DetailsViewer.mailbundle */,
			);
			name = Products;
			sourceTree = "<group>";
		};
		49EA63D31DD4E0080036994A /* DetailsViewer */ = {
			isa = PBXGroup;
			children = (
				49EA63D41DD4E0080036994A /* Info.plist */,
				4948FFEB1E46A3FC0076AAFB /* DetailsViewer.swift */,
				4948FFEF1E46DDE50076AAFB /* Mail Stubs */,
			);
			path = DetailsViewer;
			sourceTree = "<group>";
		};
/* End PBXGroup section */

/* Begin PBXNativeTarget section */
		49EA63D01DD4E0080036994A /* DetailsViewer */ = {
			isa = PBXNativeTarget;
			buildConfigurationList = 49EA63D71DD4E0080036994A /* Build configuration list for PBXNativeTarget "DetailsViewer" */;
			buildPhases = (
				49EA63CD1DD4E0080036994A /* Sources */,
				49EA63CE1DD4E0080036994A /* Frameworks */,
				49EA63CF1DD4E0080036994A /* Resources */,
				49EA63E31DD4E2440036994A /* CopyFiles */,
			);
			buildRules = (
			);
			dependencies = (
			);
			name = DetailsViewer;
			productName = DetailsViewer;
			productReference = 49EA63D11DD4E0080036994A /* DetailsViewer.mailbundle */;
			productType = "com.apple.product-type.bundle";
		};
/* End PBXNativeTarget section */

/* Begin PBXProject section */
		49EA63C91DD4E0080036994A /* Project object */ = {
			isa = PBXProject;
			attributes = {
				LastUpgradeCheck = 0830;
				ORGANIZATIONNAME = "Saagar Jha";
				TargetAttributes = {
					49EA63D01DD4E0080036994A = {
						CreatedOnToolsVersion = 8.2;
						DevelopmentTeam = 3493UDPWAK;
						LastSwiftMigration = 0830;
						ProvisioningStyle = Automatic;
					};
				};
			};
			buildConfigurationList = 49EA63CC1DD4E0080036994A /* Build configuration list for PBXProject "DetailsViewer" */;
			compatibilityVersion = "Xcode 3.2";
			developmentRegion = English;
			hasScannedForEncodings = 0;
			knownRegions = (
				en,
			);
			mainGroup = 49EA63C81DD4E0080036994A;
			productRefGroup = 49EA63D21DD4E0080036994A /* Products */;
			projectDirPath = "";
			projectRoot = "";
			targets = (
				49EA63D01DD4E0080036994A /* DetailsViewer */,
			);
		};
/* End PBXProject section */

/* Begin PBXResourcesBuildPhase section */
		49EA63CF1DD4E0080036994A /* Resources */ = {
			isa = PBXResourcesBuildPhase;
			buildActionMask = 2147483647;
			files = (
			);
			runOnlyForDeploymentPostprocessing = 0;
		};
/* End PBXResourcesBuildPhase section */

/* Begin PBXSourcesBuildPhase section */
		49EA63CD1DD4E0080036994A /* Sources */ = {
			isa = PBXSourcesBuildPhase;
			buildActionMask = 2147483647;
			files = (
				4948FFF11E46DE100076AAFB /* MessageViewController.swift in Sources */,
				4948FFFB1E46DEB40076AAFB /* _ToCcIndicator.swift in Sources */,
				494800011E46DEF80076AAFB /* MCMessage.swift in Sources */,
				4948FFF31E46DE360076AAFB /* RichMessageCellView.swift in Sources */,
				4948FFFF1E46DED20076AAFB /* MFMessageThread.swift in Sources */,
				494800031E46DF1C0076AAFB /* MFMailbox.swift in Sources */,
				4948FFF71E46DE660076AAFB /* HeaderViewController.swift in Sources */,
				4948FFEC1E46A3FC0076AAFB /* DetailsViewer.swift in Sources */,
				4948FFF91E46DE810076AAFB /* ThreadDisclosureTextField.swift in Sources */,
				4948FFF51E46DE4E0076AAFB /* TableViewManager.swift in Sources */,
			);
			runOnlyForDeploymentPostprocessing = 0;
		};
/* End PBXSourcesBuildPhase section */

/* Begin XCBuildConfiguration section */
		49EA63D51DD4E0080036994A /* Debug */ = {
			isa = XCBuildConfiguration;
			buildSettings = {
				ALWAYS_SEARCH_USER_PATHS = NO;
				CLANG_ANALYZER_NONNULL = YES;
				CLANG_CXX_LANGUAGE_STANDARD = "gnu++0x";
				CLANG_CXX_LIBRARY = "libc++";
				CLANG_ENABLE_MODULES = YES;
				CLANG_ENABLE_OBJC_ARC = YES;
				CLANG_WARN_BOOL_CONVERSION = YES;
				CLANG_WARN_CONSTANT_CONVERSION = YES;
				CLANG_WARN_DIRECT_OBJC_ISA_USAGE = YES_ERROR;
				CLANG_WARN_DOCUMENTATION_COMMENTS = YES;
				CLANG_WARN_EMPTY_BODY = YES;
				CLANG_WARN_ENUM_CONVERSION = YES;
				CLANG_WARN_INFINITE_RECURSION = YES;
				CLANG_WARN_INT_CONVERSION = YES;
				CLANG_WARN_OBJC_ROOT_CLASS = YES_ERROR;
				CLANG_WARN_SUSPICIOUS_MOVE = YES;
				CLANG_WARN_UNREACHABLE_CODE = YES;
				CLANG_WARN__DUPLICATE_METHOD_MATCH = YES;
				CODE_SIGN_IDENTITY = "-";
				COPY_PHASE_STRIP = NO;
				DEBUG_INFORMATION_FORMAT = dwarf;
				ENABLE_STRICT_OBJC_MSGSEND = YES;
				ENABLE_TESTABILITY = YES;
				GCC_C_LANGUAGE_STANDARD = gnu99;
				GCC_DYNAMIC_NO_PIC = NO;
				GCC_NO_COMMON_BLOCKS = YES;
				GCC_OPTIMIZATION_LEVEL = 0;
				GCC_PREPROCESSOR_DEFINITIONS = (
					"DEBUG=1",
					"$(inherited)",
				);
				GCC_WARN_64_TO_32_BIT_CONVERSION = YES;
				GCC_WARN_ABOUT_RETURN_TYPE = YES_ERROR;
				GCC_WARN_UNDECLARED_SELECTOR = YES;
				GCC_WARN_UNINITIALIZED_AUTOS = YES_AGGRESSIVE;
				GCC_WARN_UNUSED_FUNCTION = YES;
				GCC_WARN_UNUSED_VARIABLE = YES;
				MACOSX_DEPLOYMENT_TARGET = 10.12;
				MTL_ENABLE_DEBUG_INFO = YES;
				ONLY_ACTIVE_ARCH = YES;
				SDKROOT = macosx;
			};
			name = Debug;
		};
		49EA63D61DD4E0080036994A /* Release */ = {
			isa = XCBuildConfiguration;
			buildSettings = {
				ALWAYS_SEARCH_USER_PATHS = NO;
				CLANG_ANALYZER_NONNULL = YES;
				CLANG_CXX_LANGUAGE_STANDARD = "gnu++0x";
				CLANG_CXX_LIBRARY = "libc++";
				CLANG_ENABLE_MODULES = YES;
				CLANG_ENABLE_OBJC_ARC = YES;
				CLANG_WARN_BOOL_CONVERSION = YES;
				CLANG_WARN_CONSTANT_CONVERSION = YES;
				CLANG_WARN_DIRECT_OBJC_ISA_USAGE = YES_ERROR;
				CLANG_WARN_DOCUMENTATION_COMMENTS = YES;
				CLANG_WARN_EMPTY_BODY = YES;
				CLANG_WARN_ENUM_CONVERSION = YES;
				CLANG_WARN_INFINITE_RECURSION = YES;
				CLANG_WARN_INT_CONVERSION = YES;
				CLANG_WARN_OBJC_ROOT_CLASS = YES_ERROR;
				CLANG_WARN_SUSPICIOUS_MOVE = YES;
				CLANG_WARN_UNREACHABLE_CODE = YES;
				CLANG_WARN__DUPLICATE_METHOD_MATCH = YES;
				CODE_SIGN_IDENTITY = "-";
				COPY_PHASE_STRIP = NO;
				DEBUG_INFORMATION_FORMAT = "dwarf-with-dsym";
				ENABLE_NS_ASSERTIONS = NO;
				ENABLE_STRICT_OBJC_MSGSEND = YES;
				GCC_C_LANGUAGE_STANDARD = gnu99;
				GCC_NO_COMMON_BLOCKS = YES;
				GCC_WARN_64_TO_32_BIT_CONVERSION = YES;
				GCC_WARN_ABOUT_RETURN_TYPE = YES_ERROR;
				GCC_WARN_UNDECLARED_SELECTOR = YES;
				GCC_WARN_UNINITIALIZED_AUTOS = YES_AGGRESSIVE;
				GCC_WARN_UNUSED_FUNCTION = YES;
				GCC_WARN_UNUSED_VARIABLE = YES;
				MACOSX_DEPLOYMENT_TARGET = 10.12;
				MTL_ENABLE_DEBUG_INFO = NO;
				SDKROOT = macosx;
				SWIFT_OPTIMIZATION_LEVEL = "-Owholemodule";
			};
			name = Release;
		};
		49EA63D81DD4E0080036994A /* Debug */ = {
			isa = XCBuildConfiguration;
			buildSettings = {
				ALWAYS_EMBED_SWIFT_STANDARD_LIBRARIES = YES;
				CLANG_ENABLE_MODULES = YES;
				CODE_SIGN_IDENTITY = "Mac Developer";
				COMBINE_HIDPI_IMAGES = YES;
				DEVELOPMENT_TEAM = 3493UDPWAK;
				INFOPLIST_FILE = DetailsViewer/Info.plist;
				INSTALL_PATH = "$(LOCAL_LIBRARY_DIR)/Bundles";
				LD_RUNPATH_SEARCH_PATHS = "@executable_path/../Frameworks @loader_path/../Frameworks";
				PRODUCT_BUNDLE_IDENTIFIER = com.saagarjha.DetailsViewer;
				PRODUCT_NAME = "$(TARGET_NAME)";
				SKIP_INSTALL = YES;
				SWIFT_OPTIMIZATION_LEVEL = "-Onone";
				SWIFT_VERSION = 3.0;
				WRAPPER_EXTENSION = mailbundle;
			};
			name = Debug;
		};
		49EA63D91DD4E0080036994A /* Release */ = {
			isa = XCBuildConfiguration;
			buildSettings = {
				ALWAYS_EMBED_SWIFT_STANDARD_LIBRARIES = YES;
				CLANG_ENABLE_MODULES = YES;
				CODE_SIGN_IDENTITY = "Mac Developer";
				COMBINE_HIDPI_IMAGES = YES;
				DEVELOPMENT_TEAM = 3493UDPWAK;
				INFOPLIST_FILE = DetailsViewer/Info.plist;
				INSTALL_PATH = "$(LOCAL_LIBRARY_DIR)/Bundles";
				LD_RUNPATH_SEARCH_PATHS = "@executable_path/../Frameworks @loader_path/../Frameworks";
				PRODUCT_BUNDLE_IDENTIFIER = com.saagarjha.DetailsViewer;
				PRODUCT_NAME = "$(TARGET_NAME)";
				SKIP_INSTALL = YES;
				SWIFT_VERSION = 3.0;
				WRAPPER_EXTENSION = mailbundle;
			};
			name = Release;
		};
/* End XCBuildConfiguration section */

/* Begin XCConfigurationList section */
		49EA63CC1DD4E0080036994A /* Build configuration list for PBXProject "DetailsViewer" */ = {
			isa = XCConfigurationList;
			buildConfigurations = (
				49EA63D51DD4E0080036994A /* Debug */,
				49EA63D61DD4E0080036994A /* Release */,
			);
			defaultConfigurationIsVisible = 0;
			defaultConfigurationName = Release;
		};
		49EA63D71DD4E0080036994A /* Build configuration list for PBXNativeTarget "DetailsViewer" */ = {
			isa = XCConfigurationList;
			buildConfigurations = (
				49EA63D81DD4E0080036994A /* Debug */,
				49EA63D91DD4E0080036994A /* Release */,
			);
			defaultConfigurationIsVisible = 0;
			defaultConfigurationName = Release;
		};
/* End XCConfigurationList section */
	};
	rootObject = 49EA63C91DD4E0080036994A /* Project object */;
}
